
Microsoft Visual Studio Solution File, Format Version 12.00
# Visual Studio Version 17
VisualStudioVersion = 17.8.34330.188
MinimumVisualStudioVersion = 10.0.40219.1
Project("{FAE04EC0-301F-11D3-BF4B-00C04F79EFBC}") = "FormsApp", "FormsApp\FormsApp.csproj", "{9C6978B7-791E-4382-97E7-01B6F471AEF8}"
EndProject
Global
	GlobalSection(SolutionConfigurationPlatforms) = preSolution
		Debug|Any CPU = Debug|Any CPU
		Release|Any CPU = Release|Any CPU
	EndGlobalSection
	GlobalSection(ProjectConfigurationPlatforms) = postSolution
		{9C6978B7-791E-4382-97E7-01B6F471AEF8}.Debug|Any CPU.ActiveCfg = Debug|Any CPU
		{9C6978B7-791E-4382-97E7-01B6F471AEF8}.Debug|Any CPU.Build.0 = Debug|Any CPU
		{9C6978B7-791E-4382-97E7-01B6F471AEF8}.Release|Any CPU.ActiveCfg = Release|Any CPU
		{9C6978B7-791E-4382-97E7-01B6F471AEF8}.Release|Any CPU.Build.0 = Release|Any CPU
	EndGlobalSection
	GlobalSection(SolutionProperties) = preSolution
		HideSolutionNode = FALSE
	EndGlobalSection
	GlobalSection(ExtensibilityGlobals) = postSolution
		SolutionGuid = {E046DF40-3B97-49A7-855A-44F41391DEA5}
	EndGlobalSection
EndGlobal
